
Microsoft Visual Studio Solution File, Format Version 12.00
# Visual Studio Version 17
VisualStudioVersion = 17.13.35825.156 d17.13
MinimumVisualStudioVersion = 10.0.40219.1
Project("{FAE04EC0-301F-11D3-BF4B-00C04F79EFBC}") = "Sistema Agencia de Viajes", "Sistema Agencia de Viajes.csproj", "{325D9D4E-AAFB-4F9D-AF59-4034B2F1DC77}"
EndProject
Global
	GlobalSection(SolutionConfigurationPlatforms) = preSolution
		Debug|Any CPU = Debug|Any CPU
		Release|Any CPU = Release|Any CPU
	EndGlobalSection
	GlobalSection(ProjectConfigurationPlatforms) = postSolution
		{325D9D4E-AAFB-4F9D-AF59-4034B2F1DC77}.Debug|Any CPU.ActiveCfg = Debug|Any CPU
		{325D9D4E-AAFB-4F9D-AF59-4034B2F1DC77}.Debug|Any CPU.Build.0 = Debug|Any CPU
		{325D9D4E-AAFB-4F9D-AF59-4034B2F1DC77}.Release|Any CPU.ActiveCfg = Release|Any CPU
		{325D9D4E-AAFB-4F9D-AF59-4034B2F1DC77}.Release|Any CPU.Build.0 = Release|Any CPU
	EndGlobalSection
	GlobalSection(SolutionProperties) = preSolution
		HideSolutionNode = FALSE
	EndGlobalSection
	GlobalSection(ExtensibilityGlobals) = postSolution
		SolutionGuid = {80877603-69FB-4D9B-8214-26E5E851BBC8}
	EndGlobalSection
EndGlobal
